// !$*UTF8*$!
{
	archiveVersion = 1;
	classes = {
	};
	objectVersion = 56;
	objects = {

/* Begin PBXBuildFile section */
		0E6F9C312C0D242A0027BF56 /* ToDoListApp.swift in Sources */ = {isa = PBXBuildFile; fileRef = 0E6F9C302C0D242A0027BF56 /* ToDoListApp.swift */; };
		0E6F9C332C0D242A0027BF56 /* MainView.swift in Sources */ = {isa = PBXBuildFile; fileRef = 0E6F9C322C0D242A0027BF56 /* MainView.swift */; };
		0E6F9C352C0D242C0027BF56 /* Assets.xcassets in Resources */ = {isa = PBXBuildFile; fileRef = 0E6F9C342C0D242C0027BF56 /* Assets.xcassets */; };
		0E6F9C382C0D242C0027BF56 /* Preview Assets.xcassets in Resources */ = {isa = PBXBuildFile; fileRef = 0E6F9C372C0D242C0027BF56 /* Preview Assets.xcassets */; };
		0E6F9C402C0D25630027BF56 /* FirebaseAuth in Frameworks */ = {isa = PBXBuildFile; productRef = 0E6F9C3F2C0D25630027BF56 /* FirebaseAuth */; };
		0E6F9C422C0D25630027BF56 /* FirebaseFirestore in Frameworks */ = {isa = PBXBuildFile; productRef = 0E6F9C412C0D25630027BF56 /* FirebaseFirestore */; };
		0E6F9C442C0D25630027BF56 /* FirebaseFirestoreSwift in Frameworks */ = {isa = PBXBuildFile; productRef = 0E6F9C432C0D25630027BF56 /* FirebaseFirestoreSwift */; };
		0E6F9C462C0D27E20027BF56 /* GoogleService-Info.plist in Resources */ = {isa = PBXBuildFile; fileRef = 0E6F9C452C0D27E20027BF56 /* GoogleService-Info.plist */; };
		0E6F9C592C0E08650027BF56 /* RegisterView.swift in Sources */ = {isa = PBXBuildFile; fileRef = 0E6F9C582C0E08650027BF56 /* RegisterView.swift */; };
		0E6F9C5B2C0E08700027BF56 /* ToDoListView.swift in Sources */ = {isa = PBXBuildFile; fileRef = 0E6F9C5A2C0E08700027BF56 /* ToDoListView.swift */; };
		0E6F9C5D2C0E087B0027BF56 /* ProfileView.swift in Sources */ = {isa = PBXBuildFile; fileRef = 0E6F9C5C2C0E087B0027BF56 /* ProfileView.swift */; };
		0E6F9C5F2C0E089E0027BF56 /* NewItemView.swift in Sources */ = {isa = PBXBuildFile; fileRef = 0E6F9C5E2C0E089E0027BF56 /* NewItemView.swift */; };
		0E6F9C612C0E08B10027BF56 /* LoginView.swift in Sources */ = {isa = PBXBuildFile; fileRef = 0E6F9C602C0E08B10027BF56 /* LoginView.swift */; };
		0E6F9C632C0E08F30027BF56 /* ToDoListItemView.swift in Sources */ = {isa = PBXBuildFile; fileRef = 0E6F9C622C0E08F30027BF56 /* ToDoListItemView.swift */; };
		0E6F9C652C0E097D0027BF56 /* User.swift in Sources */ = {isa = PBXBuildFile; fileRef = 0E6F9C642C0E097D0027BF56 /* User.swift */; };
		0E6F9C672C0E09840027BF56 /* ToDoListItem.swift in Sources */ = {isa = PBXBuildFile; fileRef = 0E6F9C662C0E09840027BF56 /* ToDoListItem.swift */; };
		0E6F9C692C0E09C50027BF56 /* MainViewViewModel.swift in Sources */ = {isa = PBXBuildFile; fileRef = 0E6F9C682C0E09C50027BF56 /* MainViewViewModel.swift */; };
		0E6F9C6B2C0E09CC0027BF56 /* RegisterViewViewModel.swift in Sources */ = {isa = PBXBuildFile; fileRef = 0E6F9C6A2C0E09CC0027BF56 /* RegisterViewViewModel.swift */; };
		0E6F9C6D2C0E09DA0027BF56 /* ToDoListViewViewModel.swift in Sources */ = {isa = PBXBuildFile; fileRef = 0E6F9C6C2C0E09DA0027BF56 /* ToDoListViewViewModel.swift */; };
		0E6F9C6F2C0E09E30027BF56 /* ProfileViewViewModel.swift in Sources */ = {isa = PBXBuildFile; fileRef = 0E6F9C6E2C0E09E30027BF56 /* ProfileViewViewModel.swift */; };
		0E6F9C712C0E09EC0027BF56 /* NewItemViewViewModel.swift in Sources */ = {isa = PBXBuildFile; fileRef = 0E6F9C702C0E09EB0027BF56 /* NewItemViewViewModel.swift */; };
		0E6F9C732C0E09F50027BF56 /* LoginViewViewModel.swift in Sources */ = {isa = PBXBuildFile; fileRef = 0E6F9C722C0E09F50027BF56 /* LoginViewViewModel.swift */; };
		0E6F9C752C0E0A000027BF56 /* ToDoListItemViewViewModel.swift in Sources */ = {isa = PBXBuildFile; fileRef = 0E6F9C742C0E0A000027BF56 /* ToDoListItemViewViewModel.swift */; };
		0E6F9C772C0E12E90027BF56 /* HeaderView.swift in Sources */ = {isa = PBXBuildFile; fileRef = 0E6F9C762C0E12E90027BF56 /* HeaderView.swift */; };
		0E6F9C792C0E265C0027BF56 /* TDLButton.swift in Sources */ = {isa = PBXBuildFile; fileRef = 0E6F9C782C0E265C0027BF56 /* TDLButton.swift */; };
		0E91356E2C12C8ED00B70357 /* Launch Screen.storyboard in Resources */ = {isa = PBXBuildFile; fileRef = 0E91356D2C12C8ED00B70357 /* Launch Screen.storyboard */; };
		0ECF0EE62C10BF0C0062E1F9 /* Extensions.swift in Sources */ = {isa = PBXBuildFile; fileRef = 0ECF0EE52C10BF0C0062E1F9 /* Extensions.swift */; };
/* End PBXBuildFile section */

/* Begin PBXFileReference section */
		0E6F9C2D2C0D242A0027BF56 /* ToDoList.app */ = {isa = PBXFileReference; explicitFileType = wrapper.application; includeInIndex = 0; path = ToDoList.app; sourceTree = BUILT_PRODUCTS_DIR; };
		0E6F9C302C0D242A0027BF56 /* ToDoListApp.swift */ = {isa = PBXFileReference; lastKnownFileType = sourcecode.swift; path = ToDoListApp.swift; sourceTree = "<group>"; };
		0E6F9C322C0D242A0027BF56 /* MainView.swift */ = {isa = PBXFileReference; lastKnownFileType = sourcecode.swift; path = MainView.swift; sourceTree = "<group>"; };
		0E6F9C342C0D242C0027BF56 /* Assets.xcassets */ = {isa = PBXFileReference; lastKnownFileType = folder.assetcatalog; path = Assets.xcassets; sourceTree = "<group>"; };
		0E6F9C372C0D242C0027BF56 /* Preview Assets.xcassets */ = {isa = PBXFileReference; lastKnownFileType = folder.assetcatalog; path = "Preview Assets.xcassets"; sourceTree = "<group>"; };
		0E6F9C452C0D27E20027BF56 /* GoogleService-Info.plist */ = {isa = PBXFileReference; fileEncoding = 4; lastKnownFileType = text.plist.xml; path = "GoogleService-Info.plist"; sourceTree = "<group>"; };
		0E6F9C582C0E08650027BF56 /* RegisterView.swift */ = {isa = PBXFileReference; lastKnownFileType = sourcecode.swift; path = RegisterView.swift; sourceTree = "<group>"; };
		0E6F9C5A2C0E08700027BF56 /* ToDoListView.swift */ = {isa = PBXFileReference; lastKnownFileType = sourcecode.swift; path = ToDoListView.swift; sourceTree = "<group>"; };
		0E6F9C5C2C0E087B0027BF56 /* ProfileView.swift */ = {isa = PBXFileReference; lastKnownFileType = sourcecode.swift; path = ProfileView.swift; sourceTree = "<group>"; };
		0E6F9C5E2C0E089E0027BF56 /* NewItemView.swift */ = {isa = PBXFileReference; lastKnownFileType = sourcecode.swift; path = NewItemView.swift; sourceTree = "<group>"; };
		0E6F9C602C0E08B10027BF56 /* LoginView.swift */ = {isa = PBXFileReference; lastKnownFileType = sourcecode.swift; path = LoginView.swift; sourceTree = "<group>"; };
		0E6F9C622C0E08F30027BF56 /* ToDoListItemView.swift */ = {isa = PBXFileReference; lastKnownFileType = sourcecode.swift; path = ToDoListItemView.swift; sourceTree = "<group>"; };
		0E6F9C642C0E097D0027BF56 /* User.swift */ = {isa = PBXFileReference; lastKnownFileType = sourcecode.swift; path = User.swift; sourceTree = "<group>"; };
		0E6F9C662C0E09840027BF56 /* ToDoListItem.swift */ = {isa = PBXFileReference; lastKnownFileType = sourcecode.swift; path = ToDoListItem.swift; sourceTree = "<group>"; };
		0E6F9C682C0E09C50027BF56 /* MainViewViewModel.swift */ = {isa = PBXFileReference; lastKnownFileType = sourcecode.swift; path = MainViewViewModel.swift; sourceTree = "<group>"; };
		0E6F9C6A2C0E09CC0027BF56 /* RegisterViewViewModel.swift */ = {isa = PBXFileReference; lastKnownFileType = sourcecode.swift; path = RegisterViewViewModel.swift; sourceTree = "<group>"; };
		0E6F9C6C2C0E09DA0027BF56 /* ToDoListViewViewModel.swift */ = {isa = PBXFileReference; lastKnownFileType = sourcecode.swift; path = ToDoListViewViewModel.swift; sourceTree = "<group>"; };
		0E6F9C6E2C0E09E30027BF56 /* ProfileViewViewModel.swift */ = {isa = PBXFileReference; lastKnownFileType = sourcecode.swift; path = ProfileViewViewModel.swift; sourceTree = "<group>"; };
		0E6F9C702C0E09EB0027BF56 /* NewItemViewViewModel.swift */ = {isa = PBXFileReference; lastKnownFileType = sourcecode.swift; path = NewItemViewViewModel.swift; sourceTree = "<group>"; };
		0E6F9C722C0E09F50027BF56 /* LoginViewViewModel.swift */ = {isa = PBXFileReference; lastKnownFileType = sourcecode.swift; path = LoginViewViewModel.swift; sourceTree = "<group>"; };
		0E6F9C742C0E0A000027BF56 /* ToDoListItemViewViewModel.swift */ = {isa = PBXFileReference; lastKnownFileType = sourcecode.swift; path = ToDoListItemViewViewModel.swift; sourceTree = "<group>"; };
		0E6F9C762C0E12E90027BF56 /* HeaderView.swift */ = {isa = PBXFileReference; lastKnownFileType = sourcecode.swift; path = HeaderView.swift; sourceTree = "<group>"; };
		0E6F9C782C0E265C0027BF56 /* TDLButton.swift */ = {isa = PBXFileReference; lastKnownFileType = sourcecode.swift; path = TDLButton.swift; sourceTree = "<group>"; };
		0E91356D2C12C8ED00B70357 /* Launch Screen.storyboard */ = {isa = PBXFileReference; lastKnownFileType = file.storyboard; path = "Launch Screen.storyboard"; sourceTree = "<group>"; };
		0ECF0EE52C10BF0C0062E1F9 /* Extensions.swift */ = {isa = PBXFileReference; lastKnownFileType = sourcecode.swift; path = Extensions.swift; sourceTree = "<group>"; };
/* End PBXFileReference section */

/* Begin PBXFrameworksBuildPhase section */
		0E6F9C2A2C0D242A0027BF56 /* Frameworks */ = {
			isa = PBXFrameworksBuildPhase;
			buildActionMask = 2147483647;
			files = (
				0E6F9C402C0D25630027BF56 /* FirebaseAuth in Frameworks */,
				0E6F9C422C0D25630027BF56 /* FirebaseFirestore in Frameworks */,
				0E6F9C442C0D25630027BF56 /* FirebaseFirestoreSwift in Frameworks */,
			);
			runOnlyForDeploymentPostprocessing = 0;
		};
/* End PBXFrameworksBuildPhase section */

/* Begin PBXGroup section */
		0E6F9C242C0D242A0027BF56 = {
			isa = PBXGroup;
			children = (
				0E6F9C2F2C0D242A0027BF56 /* ToDoList */,
				0E6F9C2E2C0D242A0027BF56 /* Products */,
			);
			sourceTree = "<group>";
		};
		0E6F9C2E2C0D242A0027BF56 /* Products */ = {
			isa = PBXGroup;
			children = (
				0E6F9C2D2C0D242A0027BF56 /* ToDoList.app */,
			);
			name = Products;
			sourceTree = "<group>";
		};
		0E6F9C2F2C0D242A0027BF56 /* ToDoList */ = {
			isa = PBXGroup;
			children = (
				0E6F9C4B2C0D2A510027BF56 /* Models */,
				0E6F9C492C0D2A480027BF56 /* ViewModels */,
				0E6F9C472C0D2A330027BF56 /* Views */,
				0E6F9C4A2C0D2A4D0027BF56 /* Other */,
				0E6F9C362C0D242C0027BF56 /* Preview Content */,
			);
			path = ToDoList;
			sourceTree = "<group>";
		};
		0E6F9C362C0D242C0027BF56 /* Preview Content */ = {
			isa = PBXGroup;
			children = (
				0E6F9C372C0D242C0027BF56 /* Preview Assets.xcassets */,
			);
			path = "Preview Content";
			sourceTree = "<group>";
		};
		0E6F9C472C0D2A330027BF56 /* Views */ = {
			isa = PBXGroup;
			children = (
				0E6F9C322C0D242A0027BF56 /* MainView.swift */,
				0E6F9C582C0E08650027BF56 /* RegisterView.swift */,
				0E6F9C5A2C0E08700027BF56 /* ToDoListView.swift */,
				0E6F9C5C2C0E087B0027BF56 /* ProfileView.swift */,
				0E6F9C5E2C0E089E0027BF56 /* NewItemView.swift */,
				0E6F9C602C0E08B10027BF56 /* LoginView.swift */,
				0E6F9C622C0E08F30027BF56 /* ToDoListItemView.swift */,
				0E6F9C762C0E12E90027BF56 /* HeaderView.swift */,
				0E6F9C782C0E265C0027BF56 /* TDLButton.swift */,
			);
			path = Views;
			sourceTree = "<group>";
		};
		0E6F9C492C0D2A480027BF56 /* ViewModels */ = {
			isa = PBXGroup;
			children = (
				0E6F9C682C0E09C50027BF56 /* MainViewViewModel.swift */,
				0E6F9C6A2C0E09CC0027BF56 /* RegisterViewViewModel.swift */,
				0E6F9C6C2C0E09DA0027BF56 /* ToDoListViewViewModel.swift */,
				0E6F9C6E2C0E09E30027BF56 /* ProfileViewViewModel.swift */,
				0E6F9C702C0E09EB0027BF56 /* NewItemViewViewModel.swift */,
				0E6F9C722C0E09F50027BF56 /* LoginViewViewModel.swift */,
				0E6F9C742C0E0A000027BF56 /* ToDoListItemViewViewModel.swift */,
			);
			path = ViewModels;
			sourceTree = "<group>";
		};
		0E6F9C4A2C0D2A4D0027BF56 /* Other */ = {
			isa = PBXGroup;
			children = (
				0E6F9C452C0D27E20027BF56 /* GoogleService-Info.plist */,
				0E6F9C342C0D242C0027BF56 /* Assets.xcassets */,
				0E6F9C302C0D242A0027BF56 /* ToDoListApp.swift */,
				0ECF0EE52C10BF0C0062E1F9 /* Extensions.swift */,
				0E91356D2C12C8ED00B70357 /* Launch Screen.storyboard */,
			);
			path = Other;
			sourceTree = "<group>";
		};
		0E6F9C4B2C0D2A510027BF56 /* Models */ = {
			isa = PBXGroup;
			children = (
				0E6F9C642C0E097D0027BF56 /* User.swift */,
				0E6F9C662C0E09840027BF56 /* ToDoListItem.swift */,
			);
			path = Models;
			sourceTree = "<group>";
		};
/* End PBXGroup section */

/* Begin PBXNativeTarget section */
		0E6F9C2C2C0D242A0027BF56 /* ToDoList */ = {
			isa = PBXNativeTarget;
			buildConfigurationList = 0E6F9C3B2C0D242C0027BF56 /* Build configuration list for PBXNativeTarget "ToDoList" */;
			buildPhases = (
				0E6F9C292C0D242A0027BF56 /* Sources */,
				0E6F9C2A2C0D242A0027BF56 /* Frameworks */,
				0E6F9C2B2C0D242A0027BF56 /* Resources */,
			);
			buildRules = (
			);
			dependencies = (
			);
			name = ToDoList;
			packageProductDependencies = (
				0E6F9C3F2C0D25630027BF56 /* FirebaseAuth */,
				0E6F9C412C0D25630027BF56 /* FirebaseFirestore */,
				0E6F9C432C0D25630027BF56 /* FirebaseFirestoreSwift */,
			);
			productName = ToDoList;
			productReference = 0E6F9C2D2C0D242A0027BF56 /* ToDoList.app */;
			productType = "com.apple.product-type.application";
		};
/* End PBXNativeTarget section */

/* Begin PBXProject section */
		0E6F9C252C0D242A0027BF56 /* Project object */ = {
			isa = PBXProject;
			attributes = {
				BuildIndependentTargetsInParallel = 1;
				LastSwiftUpdateCheck = 1540;
				LastUpgradeCheck = 1540;
				TargetAttributes = {
					0E6F9C2C2C0D242A0027BF56 = {
						CreatedOnToolsVersion = 15.4;
					};
				};
			};
			buildConfigurationList = 0E6F9C282C0D242A0027BF56 /* Build configuration list for PBXProject "ToDoList" */;
			compatibilityVersion = "Xcode 14.0";
			developmentRegion = en;
			hasScannedForEncodings = 0;
			knownRegions = (
				en,
				Base,
			);
			mainGroup = 0E6F9C242C0D242A0027BF56;
			packageReferences = (
				0E6F9C3E2C0D25630027BF56 /* XCRemoteSwiftPackageReference "firebase-ios-sdk" */,
			);
			productRefGroup = 0E6F9C2E2C0D242A0027BF56 /* Products */;
			projectDirPath = "";
			projectRoot = "";
			targets = (
				0E6F9C2C2C0D242A0027BF56 /* ToDoList */,
			);
		};
/* End PBXProject section */

/* Begin PBXResourcesBuildPhase section */
		0E6F9C2B2C0D242A0027BF56 /* Resources */ = {
			isa = PBXResourcesBuildPhase;
			buildActionMask = 2147483647;
			files = (
				0E6F9C382C0D242C0027BF56 /* Preview Assets.xcassets in Resources */,
				0E6F9C352C0D242C0027BF56 /* Assets.xcassets in Resources */,
				0E91356E2C12C8ED00B70357 /* Launch Screen.storyboard in Resources */,
				0E6F9C462C0D27E20027BF56 /* GoogleService-Info.plist in Resources */,
			);
			runOnlyForDeploymentPostprocessing = 0;
		};
/* End PBXResourcesBuildPhase section */

/* Begin PBXSourcesBuildPhase section */
		0E6F9C292C0D242A0027BF56 /* Sources */ = {
			isa = PBXSourcesBuildPhase;
			buildActionMask = 2147483647;
			files = (
				0E6F9C5F2C0E089E0027BF56 /* NewItemView.swift in Sources */,
				0E6F9C772C0E12E90027BF56 /* HeaderView.swift in Sources */,
				0E6F9C612C0E08B10027BF56 /* LoginView.swift in Sources */,
				0E6F9C6B2C0E09CC0027BF56 /* RegisterViewViewModel.swift in Sources */,
				0E6F9C732C0E09F50027BF56 /* LoginViewViewModel.swift in Sources */,
				0E6F9C692C0E09C50027BF56 /* MainViewViewModel.swift in Sources */,
				0E6F9C792C0E265C0027BF56 /* TDLButton.swift in Sources */,
				0E6F9C592C0E08650027BF56 /* RegisterView.swift in Sources */,
				0E6F9C332C0D242A0027BF56 /* MainView.swift in Sources */,
				0E6F9C5D2C0E087B0027BF56 /* ProfileView.swift in Sources */,
				0E6F9C652C0E097D0027BF56 /* User.swift in Sources */,
				0E6F9C632C0E08F30027BF56 /* ToDoListItemView.swift in Sources */,
				0E6F9C6D2C0E09DA0027BF56 /* ToDoListViewViewModel.swift in Sources */,
				0E6F9C5B2C0E08700027BF56 /* ToDoListView.swift in Sources */,
				0E6F9C6F2C0E09E30027BF56 /* ProfileViewViewModel.swift in Sources */,
				0ECF0EE62C10BF0C0062E1F9 /* Extensions.swift in Sources */,
				0E6F9C712C0E09EC0027BF56 /* NewItemViewViewModel.swift in Sources */,
				0E6F9C672C0E09840027BF56 /* ToDoListItem.swift in Sources */,
				0E6F9C312C0D242A0027BF56 /* ToDoListApp.swift in Sources */,
				0E6F9C752C0E0A000027BF56 /* ToDoListItemViewViewModel.swift in Sources */,
			);
			runOnlyForDeploymentPostprocessing = 0;
		};
/* End PBXSourcesBuildPhase section */

/* Begin XCBuildConfiguration section */
		0E6F9C392C0D242C0027BF56 /* Debug */ = {
			isa = XCBuildConfiguration;
			buildSettings = {
				ALWAYS_SEARCH_USER_PATHS = NO;
				ASSETCATALOG_COMPILER_GENERATE_SWIFT_ASSET_SYMBOL_EXTENSIONS = YES;
				CLANG_ANALYZER_NONNULL = YES;
				CLANG_ANALYZER_NUMBER_OBJECT_CONVERSION = YES_AGGRESSIVE;
				CLANG_CXX_LANGUAGE_STANDARD = "gnu++20";
				CLANG_ENABLE_MODULES = YES;
				CLANG_ENABLE_OBJC_ARC = YES;
				CLANG_ENABLE_OBJC_WEAK = YES;
				CLANG_WARN_BLOCK_CAPTURE_AUTORELEASING = YES;
				CLANG_WARN_BOOL_CONVERSION = YES;
				CLANG_WARN_COMMA = YES;
				CLANG_WARN_CONSTANT_CONVERSION = YES;
				CLANG_WARN_DEPRECATED_OBJC_IMPLEMENTATIONS = YES;
				CLANG_WARN_DIRECT_OBJC_ISA_USAGE = YES_ERROR;
				CLANG_WARN_DOCUMENTATION_COMMENTS = YES;
				CLANG_WARN_EMPTY_BODY = YES;
				CLANG_WARN_ENUM_CONVERSION = YES;
				CLANG_WARN_INFINITE_RECURSION = YES;
				CLANG_WARN_INT_CONVERSION = YES;
				CLANG_WARN_NON_LITERAL_NULL_CONVERSION = YES;
				CLANG_WARN_OBJC_IMPLICIT_RETAIN_SELF = YES;
				CLANG_WARN_OBJC_LITERAL_CONVERSION = YES;
				CLANG_WARN_OBJC_ROOT_CLASS = YES_ERROR;
				CLANG_WARN_QUOTED_INCLUDE_IN_FRAMEWORK_HEADER = YES;
				CLANG_WARN_RANGE_LOOP_ANALYSIS = YES;
				CLANG_WARN_STRICT_PROTOTYPES = YES;
				CLANG_WARN_SUSPICIOUS_MOVE = YES;
				CLANG_WARN_UNGUARDED_AVAILABILITY = YES_AGGRESSIVE;
				CLANG_WARN_UNREACHABLE_CODE = YES;
				CLANG_WARN__DUPLICATE_METHOD_MATCH = YES;
				COPY_PHASE_STRIP = NO;
				DEBUG_INFORMATION_FORMAT = dwarf;
				ENABLE_STRICT_OBJC_MSGSEND = YES;
				ENABLE_TESTABILITY = YES;
				ENABLE_USER_SCRIPT_SANDBOXING = YES;
				GCC_C_LANGUAGE_STANDARD = gnu17;
				GCC_DYNAMIC_NO_PIC = NO;
				GCC_NO_COMMON_BLOCKS = YES;
				GCC_OPTIMIZATION_LEVEL = 0;
				GCC_PREPROCESSOR_DEFINITIONS = (
					"DEBUG=1",
					"$(inherited)",
				);
				GCC_WARN_64_TO_32_BIT_CONVERSION = YES;
				GCC_WARN_ABOUT_RETURN_TYPE = YES_ERROR;
				GCC_WARN_UNDECLARED_SELECTOR = YES;
				GCC_WARN_UNINITIALIZED_AUTOS = YES_AGGRESSIVE;
				GCC_WARN_UNUSED_FUNCTION = YES;
				GCC_WARN_UNUSED_VARIABLE = YES;
				IPHONEOS_DEPLOYMENT_TARGET = 17.5;
				LOCALIZATION_PREFERS_STRING_CATALOGS = YES;
				MTL_ENABLE_DEBUG_INFO = INCLUDE_SOURCE;
				MTL_FAST_MATH = YES;
				ONLY_ACTIVE_ARCH = YES;
				SDKROOT = iphoneos;
				SWIFT_ACTIVE_COMPILATION_CONDITIONS = "DEBUG $(inherited)";
				SWIFT_OPTIMIZATION_LEVEL = "-Onone";
			};
			name = Debug;
		};
		0E6F9C3A2C0D242C0027BF56 /* Release */ = {
			isa = XCBuildConfiguration;
			buildSettings = {
				ALWAYS_SEARCH_USER_PATHS = NO;
				ASSETCATALOG_COMPILER_GENERATE_SWIFT_ASSET_SYMBOL_EXTENSIONS = YES;
				CLANG_ANALYZER_NONNULL = YES;
				CLANG_ANALYZER_NUMBER_OBJECT_CONVERSION = YES_AGGRESSIVE;
				CLANG_CXX_LANGUAGE_STANDARD = "gnu++20";
				CLANG_ENABLE_MODULES = YES;
				CLANG_ENABLE_OBJC_ARC = YES;
				CLANG_ENABLE_OBJC_WEAK = YES;
				CLANG_WARN_BLOCK_CAPTURE_AUTORELEASING = YES;
				CLANG_WARN_BOOL_CONVERSION = YES;
				CLANG_WARN_COMMA = YES;
				CLANG_WARN_CONSTANT_CONVERSION = YES;
				CLANG_WARN_DEPRECATED_OBJC_IMPLEMENTATIONS = YES;
				CLANG_WARN_DIRECT_OBJC_ISA_USAGE = YES_ERROR;
				CLANG_WARN_DOCUMENTATION_COMMENTS = YES;
				CLANG_WARN_EMPTY_BODY = YES;
				CLANG_WARN_ENUM_CONVERSION = YES;
				CLANG_WARN_INFINITE_RECURSION = YES;
				CLANG_WARN_INT_CONVERSION = YES;
				CLANG_WARN_NON_LITERAL_NULL_CONVERSION = YES;
				CLANG_WARN_OBJC_IMPLICIT_RETAIN_SELF = YES;
				CLANG_WARN_OBJC_LITERAL_CONVERSION = YES;
				CLANG_WARN_OBJC_ROOT_CLASS = YES_ERROR;
				CLANG_WARN_QUOTED_INCLUDE_IN_FRAMEWORK_HEADER = YES;
				CLANG_WARN_RANGE_LOOP_ANALYSIS = YES;
				CLANG_WARN_STRICT_PROTOTYPES = YES;
				CLANG_WARN_SUSPICIOUS_MOVE = YES;
				CLANG_WARN_UNGUARDED_AVAILABILITY = YES_AGGRESSIVE;
				CLANG_WARN_UNREACHABLE_CODE = YES;
				CLANG_WARN__DUPLICATE_METHOD_MATCH = YES;
				COPY_PHASE_STRIP = NO;
				DEBUG_INFORMATION_FORMAT = "dwarf-with-dsym";
				ENABLE_NS_ASSERTIONS = NO;
				ENABLE_STRICT_OBJC_MSGSEND = YES;
				ENABLE_USER_SCRIPT_SANDBOXING = YES;
				GCC_C_LANGUAGE_STANDARD = gnu17;
				GCC_NO_COMMON_BLOCKS = YES;
				GCC_WARN_64_TO_32_BIT_CONVERSION = YES;
				GCC_WARN_ABOUT_RETURN_TYPE = YES_ERROR;
				GCC_WARN_UNDECLARED_SELECTOR = YES;
				GCC_WARN_UNINITIALIZED_AUTOS = YES_AGGRESSIVE;
				GCC_WARN_UNUSED_FUNCTION = YES;
				GCC_WARN_UNUSED_VARIABLE = YES;
				IPHONEOS_DEPLOYMENT_TARGET = 17.5;
				LOCALIZATION_PREFERS_STRING_CATALOGS = YES;
				MTL_ENABLE_DEBUG_INFO = NO;
				MTL_FAST_MATH = YES;
				SDKROOT = iphoneos;
				SWIFT_COMPILATION_MODE = wholemodule;
				VALIDATE_PRODUCT = YES;
			};
			name = Release;
		};
		0E6F9C3C2C0D242C0027BF56 /* Debug */ = {
			isa = XCBuildConfiguration;
			buildSettings = {
				ASSETCATALOG_COMPILER_APPICON_NAME = AppIcon;
				ASSETCATALOG_COMPILER_GLOBAL_ACCENT_COLOR_NAME = AccentColor;
				CODE_SIGN_STYLE = Automatic;
				CURRENT_PROJECT_VERSION = 1;
				DEVELOPMENT_ASSET_PATHS = "\"ToDoList/Preview Content\"";
				DEVELOPMENT_TEAM = 3M74Y24R2G;
				ENABLE_PREVIEWS = YES;
				GENERATE_INFOPLIST_FILE = YES;
				INFOPLIST_KEY_CFBundleDisplayName = "To Do List";
				INFOPLIST_KEY_UIApplicationSceneManifest_Generation = YES;
				INFOPLIST_KEY_UIApplicationSupportsIndirectInputEvents = YES;
				INFOPLIST_KEY_UILaunchScreen_Generation = YES;
				INFOPLIST_KEY_UILaunchStoryboardName = "Launch Screen.storyboard";
				INFOPLIST_KEY_UISupportedInterfaceOrientations = UIInterfaceOrientationPortrait;
				LD_RUNPATH_SEARCH_PATHS = (
					"$(inherited)",
					"@executable_path/Frameworks",
				);
				MARKETING_VERSION = 1.0;
				PRODUCT_BUNDLE_IDENTIFIER = dylan.cronk.ToDoList;
				PRODUCT_NAME = "$(TARGET_NAME)";
				SWIFT_EMIT_LOC_STRINGS = YES;
				SWIFT_VERSION = 5.0;
				TARGETED_DEVICE_FAMILY = "1,2";
			};
			name = Debug;
		};
		0E6F9C3D2C0D242C0027BF56 /* Release */ = {
			isa = XCBuildConfiguration;
			buildSettings = {
				ASSETCATALOG_COMPILER_APPICON_NAME = AppIcon;
				ASSETCATALOG_COMPILER_GLOBAL_ACCENT_COLOR_NAME = AccentColor;
				CODE_SIGN_STYLE = Automatic;
				CURRENT_PROJECT_VERSION = 1;
				DEVELOPMENT_ASSET_PATHS = "\"ToDoList/Preview Content\"";
				DEVELOPMENT_TEAM = 3M74Y24R2G;
				ENABLE_PREVIEWS = YES;
				GENERATE_INFOPLIST_FILE = YES;
				INFOPLIST_KEY_CFBundleDisplayName = "To Do List";
				INFOPLIST_KEY_UIApplicationSceneManifest_Generation = YES;
				INFOPLIST_KEY_UIApplicationSupportsIndirectInputEvents = YES;
				INFOPLIST_KEY_UILaunchScreen_Generation = YES;
				INFOPLIST_KEY_UILaunchStoryboardName = "Launch Screen.storyboard";
				INFOPLIST_KEY_UISupportedInterfaceOrientations = UIInterfaceOrientationPortrait;
				LD_RUNPATH_SEARCH_PATHS = (
					"$(inherited)",
					"@executable_path/Frameworks",
				);
				MARKETING_VERSION = 1.0;
				PRODUCT_BUNDLE_IDENTIFIER = dylan.cronk.ToDoList;
				PRODUCT_NAME = "$(TARGET_NAME)";
				SWIFT_EMIT_LOC_STRINGS = YES;
				SWIFT_VERSION = 5.0;
				TARGETED_DEVICE_FAMILY = "1,2";
			};
			name = Release;
		};
/* End XCBuildConfiguration section */

/* Begin XCConfigurationList section */
		0E6F9C282C0D242A0027BF56 /* Build configuration list for PBXProject "ToDoList" */ = {
			isa = XCConfigurationList;
			buildConfigurations = (
				0E6F9C392C0D242C0027BF56 /* Debug */,
				0E6F9C3A2C0D242C0027BF56 /* Release */,
			);
			defaultConfigurationIsVisible = 0;
			defaultConfigurationName = Release;
		};
		0E6F9C3B2C0D242C0027BF56 /* Build configuration list for PBXNativeTarget "ToDoList" */ = {
			isa = XCConfigurationList;
			buildConfigurations = (
				0E6F9C3C2C0D242C0027BF56 /* Debug */,
				0E6F9C3D2C0D242C0027BF56 /* Release */,
			);
			defaultConfigurationIsVisible = 0;
			defaultConfigurationName = Release;
		};
/* End XCConfigurationList section */

/* Begin XCRemoteSwiftPackageReference section */
		0E6F9C3E2C0D25630027BF56 /* XCRemoteSwiftPackageReference "firebase-ios-sdk" */ = {
			isa = XCRemoteSwiftPackageReference;
			repositoryURL = "https://github.com/firebase/firebase-ios-sdk";
			requirement = {
				kind = upToNextMajorVersion;
				minimumVersion = 10.27.0;
			};
		};
/* End XCRemoteSwiftPackageReference section */

/* Begin XCSwiftPackageProductDependency section */
		0E6F9C3F2C0D25630027BF56 /* FirebaseAuth */ = {
			isa = XCSwiftPackageProductDependency;
			package = 0E6F9C3E2C0D25630027BF56 /* XCRemoteSwiftPackageReference "firebase-ios-sdk" */;
			productName = FirebaseAuth;
		};
		0E6F9C412C0D25630027BF56 /* FirebaseFirestore */ = {
			isa = XCSwiftPackageProductDependency;
			package = 0E6F9C3E2C0D25630027BF56 /* XCRemoteSwiftPackageReference "firebase-ios-sdk" */;
			productName = FirebaseFirestore;
		};
		0E6F9C432C0D25630027BF56 /* FirebaseFirestoreSwift */ = {
			isa = XCSwiftPackageProductDependency;
			package = 0E6F9C3E2C0D25630027BF56 /* XCRemoteSwiftPackageReference "firebase-ios-sdk" */;
			productName = FirebaseFirestoreSwift;
		};
/* End XCSwiftPackageProductDependency section */
	};
	rootObject = 0E6F9C252C0D242A0027BF56 /* Project object */;
}
